
Microsoft Visual Studio Solution File, Format Version 12.00
# Visual Studio Version 17
VisualStudioVersion = 17.13.35507.96 d17.13
MinimumVisualStudioVersion = 10.0.40219.1
Project("{FAE04EC0-301F-11D3-BF4B-00C04F79EFBC}") = "TERCERPARCIAL", "TERCERPARCIAL\TERCERPARCIAL.csproj", "{B39D8484-B7A0-4F39-80BD-08E242469D72}"
EndProject
Global
	GlobalSection(SolutionConfigurationPlatforms) = preSolution
		Debug|Any CPU = Debug|Any CPU
		Release|Any CPU = Release|Any CPU
	EndGlobalSection
	GlobalSection(ProjectConfigurationPlatforms) = postSolution
		{B39D8484-B7A0-4F39-80BD-08E242469D72}.Debug|Any CPU.ActiveCfg = Debug|Any CPU
		{B39D8484-B7A0-4F39-80BD-08E242469D72}.Debug|Any CPU.Build.0 = Debug|Any CPU
		{B39D8484-B7A0-4F39-80BD-08E242469D72}.Release|Any CPU.ActiveCfg = Release|Any CPU
		{B39D8484-B7A0-4F39-80BD-08E242469D72}.Release|Any CPU.Build.0 = Release|Any CPU
	EndGlobalSection
	GlobalSection(SolutionProperties) = preSolution
		HideSolutionNode = FALSE
	EndGlobalSection
	GlobalSection(ExtensibilityGlobals) = postSolution
		SolutionGuid = {AFBC7CD5-7674-4C96-AA17-98E7DB0A3C76}
	EndGlobalSection
EndGlobal
